// !$*UTF8*$!
{
	archiveVersion = 1;
	classes = {
	};
	objectVersion = 46;
	objects = {

/* Begin PBXBuildFile section */
		10C0B05D1E73331F002E99A0 /* AppDelegate.swift in Sources */ = {isa = PBXBuildFile; fileRef = 10C0B05C1E73331F002E99A0 /* AppDelegate.swift */; };
		10C0B05F1E73331F002E99A0 /* ViewController.swift in Sources */ = {isa = PBXBuildFile; fileRef = 10C0B05E1E73331F002E99A0 /* ViewController.swift */; };
		10C0B0651E73331F002E99A0 /* ProjectAlbatross.xcdatamodeld in Sources */ = {isa = PBXBuildFile; fileRef = 10C0B0631E73331F002E99A0 /* ProjectAlbatross.xcdatamodeld */; };
		10C0B0671E73331F002E99A0 /* Assets.xcassets in Resources */ = {isa = PBXBuildFile; fileRef = 10C0B0661E73331F002E99A0 /* Assets.xcassets */; };
		10C0B06A1E73331F002E99A0 /* LaunchScreen.storyboard in Resources */ = {isa = PBXBuildFile; fileRef = 10C0B0681E73331F002E99A0 /* LaunchScreen.storyboard */; };
		10C0B0751E73331F002E99A0 /* ProjectAlbatrossTests.swift in Sources */ = {isa = PBXBuildFile; fileRef = 10C0B0741E73331F002E99A0 /* ProjectAlbatrossTests.swift */; };
		10C0B0801E733320002E99A0 /* ProjectAlbatrossUITests.swift in Sources */ = {isa = PBXBuildFile; fileRef = 10C0B07F1E733320002E99A0 /* ProjectAlbatrossUITests.swift */; };
		10C0B0901E73355B002E99A0 /* TabController.swift in Sources */ = {isa = PBXBuildFile; fileRef = 10C0B08F1E73355B002E99A0 /* TabController.swift */; };
		10C0B0921E7339A7002E99A0 /* PlayerTableViewController.swift in Sources */ = {isa = PBXBuildFile; fileRef = 10C0B0911E7339A7002E99A0 /* PlayerTableViewController.swift */; };
		10C0B0961E733ACB002E99A0 /* CourseTableViewController.swift in Sources */ = {isa = PBXBuildFile; fileRef = 10C0B0951E733ACB002E99A0 /* CourseTableViewController.swift */; };
		D24F773C1E73792B00A48A90 /* AddViewController.swift in Sources */ = {isa = PBXBuildFile; fileRef = D24F773B1E73792B00A48A90 /* AddViewController.swift */; };
		D2FB4D381E736748000C7BB4 /* NineStatsTableViewController.swift in Sources */ = {isa = PBXBuildFile; fileRef = D2FB4D371E736748000C7BB4 /* NineStatsTableViewController.swift */; };
		D2FB4D3A1E736758000C7BB4 /* EighteenStatsTableViewController.swift in Sources */ = {isa = PBXBuildFile; fileRef = D2FB4D391E736758000C7BB4 /* EighteenStatsTableViewController.swift */; };
/* End PBXBuildFile section */

/* Begin PBXContainerItemProxy section */
		10C0B0711E73331F002E99A0 /* PBXContainerItemProxy */ = {
			isa = PBXContainerItemProxy;
			containerPortal = 10C0B0511E73331F002E99A0 /* Project object */;
			proxyType = 1;
			remoteGlobalIDString = 10C0B0581E73331F002E99A0;
			remoteInfo = ProjectAlbatross;
		};
		10C0B07C1E73331F002E99A0 /* PBXContainerItemProxy */ = {
			isa = PBXContainerItemProxy;
			containerPortal = 10C0B0511E73331F002E99A0 /* Project object */;
			proxyType = 1;
			remoteGlobalIDString = 10C0B0581E73331F002E99A0;
			remoteInfo = ProjectAlbatross;
		};
/* End PBXContainerItemProxy section */

/* Begin PBXFileReference section */
		10C0B0591E73331F002E99A0 /* ProjectAlbatross.app */ = {isa = PBXFileReference; explicitFileType = wrapper.application; includeInIndex = 0; path = ProjectAlbatross.app; sourceTree = BUILT_PRODUCTS_DIR; };
		10C0B05C1E73331F002E99A0 /* AppDelegate.swift */ = {isa = PBXFileReference; lastKnownFileType = sourcecode.swift; path = AppDelegate.swift; sourceTree = "<group>"; };
		10C0B05E1E73331F002E99A0 /* ViewController.swift */ = {isa = PBXFileReference; lastKnownFileType = sourcecode.swift; path = ViewController.swift; sourceTree = "<group>"; };
		10C0B0641E73331F002E99A0 /* ProjectAlbatross.xcdatamodel */ = {isa = PBXFileReference; lastKnownFileType = wrapper.xcdatamodel; path = ProjectAlbatross.xcdatamodel; sourceTree = "<group>"; };
		10C0B0661E73331F002E99A0 /* Assets.xcassets */ = {isa = PBXFileReference; lastKnownFileType = folder.assetcatalog; path = Assets.xcassets; sourceTree = "<group>"; };
		10C0B0691E73331F002E99A0 /* Base */ = {isa = PBXFileReference; lastKnownFileType = file.storyboard; name = Base; path = Base.lproj/LaunchScreen.storyboard; sourceTree = "<group>"; };
		10C0B06B1E73331F002E99A0 /* Info.plist */ = {isa = PBXFileReference; lastKnownFileType = text.plist.xml; path = Info.plist; sourceTree = "<group>"; };
		10C0B0701E73331F002E99A0 /* ProjectAlbatrossTests.xctest */ = {isa = PBXFileReference; explicitFileType = wrapper.cfbundle; includeInIndex = 0; path = ProjectAlbatrossTests.xctest; sourceTree = BUILT_PRODUCTS_DIR; };
		10C0B0741E73331F002E99A0 /* ProjectAlbatrossTests.swift */ = {isa = PBXFileReference; lastKnownFileType = sourcecode.swift; path = ProjectAlbatrossTests.swift; sourceTree = "<group>"; };
		10C0B0761E73331F002E99A0 /* Info.plist */ = {isa = PBXFileReference; lastKnownFileType = text.plist.xml; path = Info.plist; sourceTree = "<group>"; };
		10C0B07B1E73331F002E99A0 /* ProjectAlbatrossUITests.xctest */ = {isa = PBXFileReference; explicitFileType = wrapper.cfbundle; includeInIndex = 0; path = ProjectAlbatrossUITests.xctest; sourceTree = BUILT_PRODUCTS_DIR; };
		10C0B07F1E733320002E99A0 /* ProjectAlbatrossUITests.swift */ = {isa = PBXFileReference; lastKnownFileType = sourcecode.swift; path = ProjectAlbatrossUITests.swift; sourceTree = "<group>"; };
		10C0B0811E733320002E99A0 /* Info.plist */ = {isa = PBXFileReference; lastKnownFileType = text.plist.xml; path = Info.plist; sourceTree = "<group>"; };
		10C0B08F1E73355B002E99A0 /* TabController.swift */ = {isa = PBXFileReference; fileEncoding = 4; lastKnownFileType = sourcecode.swift; name = TabController.swift; path = ../TabController.swift; sourceTree = "<group>"; };
		10C0B0911E7339A7002E99A0 /* PlayerTableViewController.swift */ = {isa = PBXFileReference; fileEncoding = 4; lastKnownFileType = sourcecode.swift; path = PlayerTableViewController.swift; sourceTree = "<group>"; };
		10C0B0951E733ACB002E99A0 /* CourseTableViewController.swift */ = {isa = PBXFileReference; fileEncoding = 4; lastKnownFileType = sourcecode.swift; name = CourseTableViewController.swift; path = ../CourseTableViewController.swift; sourceTree = "<group>"; };
		D24F773B1E73792B00A48A90 /* AddViewController.swift */ = {isa = PBXFileReference; fileEncoding = 4; lastKnownFileType = sourcecode.swift; path = AddViewController.swift; sourceTree = "<group>"; };
		D2FB4D371E736748000C7BB4 /* NineStatsTableViewController.swift */ = {isa = PBXFileReference; fileEncoding = 4; lastKnownFileType = sourcecode.swift; path = NineStatsTableViewController.swift; sourceTree = "<group>"; };
		D2FB4D391E736758000C7BB4 /* EighteenStatsTableViewController.swift */ = {isa = PBXFileReference; fileEncoding = 4; lastKnownFileType = sourcecode.swift; path = EighteenStatsTableViewController.swift; sourceTree = "<group>"; };
/* End PBXFileReference section */

/* Begin PBXFrameworksBuildPhase section */
		10C0B0561E73331F002E99A0 /* Frameworks */ = {
			isa = PBXFrameworksBuildPhase;
			buildActionMask = 2147483647;
			files = (
			);
			runOnlyForDeploymentPostprocessing = 0;
		};
		10C0B06D1E73331F002E99A0 /* Frameworks */ = {
			isa = PBXFrameworksBuildPhase;
			buildActionMask = 2147483647;
			files = (
			);
			runOnlyForDeploymentPostprocessing = 0;
		};
		10C0B0781E73331F002E99A0 /* Frameworks */ = {
			isa = PBXFrameworksBuildPhase;
			buildActionMask = 2147483647;
			files = (
			);
			runOnlyForDeploymentPostprocessing = 0;
		};
/* End PBXFrameworksBuildPhase section */

/* Begin PBXGroup section */
		10C0B0501E73331F002E99A0 = {
			isa = PBXGroup;
			children = (
				10C0B05B1E73331F002E99A0 /* ProjectAlbatross */,
				10C0B0731E73331F002E99A0 /* ProjectAlbatrossTests */,
				10C0B07E1E733320002E99A0 /* ProjectAlbatrossUITests */,
				10C0B05A1E73331F002E99A0 /* Products */,
			);
			sourceTree = "<group>";
		};
		10C0B05A1E73331F002E99A0 /* Products */ = {
			isa = PBXGroup;
			children = (
				10C0B0591E73331F002E99A0 /* ProjectAlbatross.app */,
				10C0B0701E73331F002E99A0 /* ProjectAlbatrossTests.xctest */,
				10C0B07B1E73331F002E99A0 /* ProjectAlbatrossUITests.xctest */,
			);
			name = Products;
			sourceTree = "<group>";
		};
		10C0B05B1E73331F002E99A0 /* ProjectAlbatross */ = {
			isa = PBXGroup;
			children = (
				10C0B08F1E73355B002E99A0 /* TabController.swift */,
				D24F773B1E73792B00A48A90 /* AddViewController.swift */,
				10C0B0971E733B39002E99A0 /* TableViewControllers */,
				10C0B05C1E73331F002E99A0 /* AppDelegate.swift */,
				10C0B05E1E73331F002E99A0 /* ViewController.swift */,
				10C0B0661E73331F002E99A0 /* Assets.xcassets */,
				10C0B0681E73331F002E99A0 /* LaunchScreen.storyboard */,
				10C0B06B1E73331F002E99A0 /* Info.plist */,
				10C0B0631E73331F002E99A0 /* ProjectAlbatross.xcdatamodeld */,
			);
			path = ProjectAlbatross;
			sourceTree = "<group>";
		};
		10C0B0731E73331F002E99A0 /* ProjectAlbatrossTests */ = {
			isa = PBXGroup;
			children = (
				10C0B0741E73331F002E99A0 /* ProjectAlbatrossTests.swift */,
				10C0B0761E73331F002E99A0 /* Info.plist */,
			);
			path = ProjectAlbatrossTests;
			sourceTree = "<group>";
		};
		10C0B07E1E733320002E99A0 /* ProjectAlbatrossUITests */ = {
			isa = PBXGroup;
			children = (
				10C0B07F1E733320002E99A0 /* ProjectAlbatrossUITests.swift */,
				10C0B0811E733320002E99A0 /* Info.plist */,
			);
			path = ProjectAlbatrossUITests;
			sourceTree = "<group>";
		};
		10C0B0971E733B39002E99A0 /* TableViewControllers */ = {
			isa = PBXGroup;
			children = (
				10C0B0911E7339A7002E99A0 /* PlayerTableViewController.swift */,
				10C0B0951E733ACB002E99A0 /* CourseTableViewController.swift */,
				D2FB4D371E736748000C7BB4 /* NineStatsTableViewController.swift */,
				D2FB4D391E736758000C7BB4 /* EighteenStatsTableViewController.swift */,
			);
			name = TableViewControllers;
			sourceTree = "<group>";
		};
/* End PBXGroup section */

/* Begin PBXNativeTarget section */
		10C0B0581E73331F002E99A0 /* ProjectAlbatross */ = {
			isa = PBXNativeTarget;
			buildConfigurationList = 10C0B0841E733320002E99A0 /* Build configuration list for PBXNativeTarget "ProjectAlbatross" */;
			buildPhases = (
				10C0B0551E73331F002E99A0 /* Sources */,
				10C0B0561E73331F002E99A0 /* Frameworks */,
				10C0B0571E73331F002E99A0 /* Resources */,
			);
			buildRules = (
			);
			dependencies = (
			);
			name = ProjectAlbatross;
			productName = ProjectAlbatross;
			productReference = 10C0B0591E73331F002E99A0 /* ProjectAlbatross.app */;
			productType = "com.apple.product-type.application";
		};
		10C0B06F1E73331F002E99A0 /* ProjectAlbatrossTests */ = {
			isa = PBXNativeTarget;
			buildConfigurationList = 10C0B0871E733320002E99A0 /* Build configuration list for PBXNativeTarget "ProjectAlbatrossTests" */;
			buildPhases = (
				10C0B06C1E73331F002E99A0 /* Sources */,
				10C0B06D1E73331F002E99A0 /* Frameworks */,
				10C0B06E1E73331F002E99A0 /* Resources */,
			);
			buildRules = (
			);
			dependencies = (
				10C0B0721E73331F002E99A0 /* PBXTargetDependency */,
			);
			name = ProjectAlbatrossTests;
			productName = ProjectAlbatrossTests;
			productReference = 10C0B0701E73331F002E99A0 /* ProjectAlbatrossTests.xctest */;
			productType = "com.apple.product-type.bundle.unit-test";
		};
		10C0B07A1E73331F002E99A0 /* ProjectAlbatrossUITests */ = {
			isa = PBXNativeTarget;
			buildConfigurationList = 10C0B08A1E733320002E99A0 /* Build configuration list for PBXNativeTarget "ProjectAlbatrossUITests" */;
			buildPhases = (
				10C0B0771E73331F002E99A0 /* Sources */,
				10C0B0781E73331F002E99A0 /* Frameworks */,
				10C0B0791E73331F002E99A0 /* Resources */,
			);
			buildRules = (
			);
			dependencies = (
				10C0B07D1E73331F002E99A0 /* PBXTargetDependency */,
			);
			name = ProjectAlbatrossUITests;
			productName = ProjectAlbatrossUITests;
			productReference = 10C0B07B1E73331F002E99A0 /* ProjectAlbatrossUITests.xctest */;
			productType = "com.apple.product-type.bundle.ui-testing";
		};
/* End PBXNativeTarget section */

/* Begin PBXProject section */
		10C0B0511E73331F002E99A0 /* Project object */ = {
			isa = PBXProject;
			attributes = {
				LastSwiftUpdateCheck = 0820;
				LastUpgradeCheck = 0820;
				ORGANIZATIONNAME = apcsp;
				TargetAttributes = {
					10C0B0581E73331F002E99A0 = {
						CreatedOnToolsVersion = 8.2.1;
						DevelopmentTeam = JV99S7T257;
						ProvisioningStyle = Automatic;
					};
					10C0B06F1E73331F002E99A0 = {
						CreatedOnToolsVersion = 8.2.1;
						ProvisioningStyle = Automatic;
						TestTargetID = 10C0B0581E73331F002E99A0;
					};
					10C0B07A1E73331F002E99A0 = {
						CreatedOnToolsVersion = 8.2.1;
						ProvisioningStyle = Automatic;
						TestTargetID = 10C0B0581E73331F002E99A0;
					};
				};
			};
			buildConfigurationList = 10C0B0541E73331F002E99A0 /* Build configuration list for PBXProject "ProjectAlbatross" */;
			compatibilityVersion = "Xcode 3.2";
			developmentRegion = English;
			hasScannedForEncodings = 0;
			knownRegions = (
				en,
				Base,
			);
			mainGroup = 10C0B0501E73331F002E99A0;
			productRefGroup = 10C0B05A1E73331F002E99A0 /* Products */;
			projectDirPath = "";
			projectRoot = "";
			targets = (
				10C0B0581E73331F002E99A0 /* ProjectAlbatross */,
				10C0B06F1E73331F002E99A0 /* ProjectAlbatrossTests */,
				10C0B07A1E73331F002E99A0 /* ProjectAlbatrossUITests */,
			);
		};
/* End PBXProject section */

/* Begin PBXResourcesBuildPhase section */
		10C0B0571E73331F002E99A0 /* Resources */ = {
			isa = PBXResourcesBuildPhase;
			buildActionMask = 2147483647;
			files = (
				10C0B06A1E73331F002E99A0 /* LaunchScreen.storyboard in Resources */,
				10C0B0671E73331F002E99A0 /* Assets.xcassets in Resources */,
			);
			runOnlyForDeploymentPostprocessing = 0;
		};
		10C0B06E1E73331F002E99A0 /* Resources */ = {
			isa = PBXResourcesBuildPhase;
			buildActionMask = 2147483647;
			files = (
			);
			runOnlyForDeploymentPostprocessing = 0;
		};
		10C0B0791E73331F002E99A0 /* Resources */ = {
			isa = PBXResourcesBuildPhase;
			buildActionMask = 2147483647;
			files = (
			);
			runOnlyForDeploymentPostprocessing = 0;
		};
/* End PBXResourcesBuildPhase section */

/* Begin PBXSourcesBuildPhase section */
		10C0B0551E73331F002E99A0 /* Sources */ = {
			isa = PBXSourcesBuildPhase;
			buildActionMask = 2147483647;
			files = (
				D2FB4D3A1E736758000C7BB4 /* EighteenStatsTableViewController.swift in Sources */,
				10C0B0921E7339A7002E99A0 /* PlayerTableViewController.swift in Sources */,
				D24F773C1E73792B00A48A90 /* AddViewController.swift in Sources */,
				10C0B05F1E73331F002E99A0 /* ViewController.swift in Sources */,
				10C0B0901E73355B002E99A0 /* TabController.swift in Sources */,
				D2FB4D381E736748000C7BB4 /* NineStatsTableViewController.swift in Sources */,
				10C0B0651E73331F002E99A0 /* ProjectAlbatross.xcdatamodeld in Sources */,
				10C0B0961E733ACB002E99A0 /* CourseTableViewController.swift in Sources */,
				10C0B05D1E73331F002E99A0 /* AppDelegate.swift in Sources */,
			);
			runOnlyForDeploymentPostprocessing = 0;
		};
		10C0B06C1E73331F002E99A0 /* Sources */ = {
			isa = PBXSourcesBuildPhase;
			buildActionMask = 2147483647;
			files = (
				10C0B0751E73331F002E99A0 /* ProjectAlbatrossTests.swift in Sources */,
			);
			runOnlyForDeploymentPostprocessing = 0;
		};
		10C0B0771E73331F002E99A0 /* Sources */ = {
			isa = PBXSourcesBuildPhase;
			buildActionMask = 2147483647;
			files = (
				10C0B0801E733320002E99A0 /* ProjectAlbatrossUITests.swift in Sources */,
			);
			runOnlyForDeploymentPostprocessing = 0;
		};
/* End PBXSourcesBuildPhase section */

/* Begin PBXTargetDependency section */
		10C0B0721E73331F002E99A0 /* PBXTargetDependency */ = {
			isa = PBXTargetDependency;
			target = 10C0B0581E73331F002E99A0 /* ProjectAlbatross */;
			targetProxy = 10C0B0711E73331F002E99A0 /* PBXContainerItemProxy */;
		};
		10C0B07D1E73331F002E99A0 /* PBXTargetDependency */ = {
			isa = PBXTargetDependency;
			target = 10C0B0581E73331F002E99A0 /* ProjectAlbatross */;
			targetProxy = 10C0B07C1E73331F002E99A0 /* PBXContainerItemProxy */;
		};
/* End PBXTargetDependency section */

/* Begin PBXVariantGroup section */
		10C0B0681E73331F002E99A0 /* LaunchScreen.storyboard */ = {
			isa = PBXVariantGroup;
			children = (
				10C0B0691E73331F002E99A0 /* Base */,
			);
			name = LaunchScreen.storyboard;
			sourceTree = "<group>";
		};
/* End PBXVariantGroup section */

/* Begin XCBuildConfiguration section */
		10C0B0821E733320002E99A0 /* Debug */ = {
			isa = XCBuildConfiguration;
			buildSettings = {
				ALWAYS_SEARCH_USER_PATHS = NO;
				CLANG_ANALYZER_NONNULL = YES;
				CLANG_CXX_LANGUAGE_STANDARD = "gnu++0x";
				CLANG_CXX_LIBRARY = "libc++";
				CLANG_ENABLE_MODULES = YES;
				CLANG_ENABLE_OBJC_ARC = YES;
				CLANG_WARN_BOOL_CONVERSION = YES;
				CLANG_WARN_CONSTANT_CONVERSION = YES;
				CLANG_WARN_DIRECT_OBJC_ISA_USAGE = YES_ERROR;
				CLANG_WARN_DOCUMENTATION_COMMENTS = YES;
				CLANG_WARN_EMPTY_BODY = YES;
				CLANG_WARN_ENUM_CONVERSION = YES;
				CLANG_WARN_INFINITE_RECURSION = YES;
				CLANG_WARN_INT_CONVERSION = YES;
				CLANG_WARN_OBJC_ROOT_CLASS = YES_ERROR;
				CLANG_WARN_SUSPICIOUS_MOVE = YES;
				CLANG_WARN_UNREACHABLE_CODE = YES;
				CLANG_WARN__DUPLICATE_METHOD_MATCH = YES;
				"CODE_SIGN_IDENTITY[sdk=iphoneos*]" = "iPhone Developer";
				COPY_PHASE_STRIP = NO;
				DEBUG_INFORMATION_FORMAT = dwarf;
				ENABLE_STRICT_OBJC_MSGSEND = YES;
				ENABLE_TESTABILITY = YES;
				GCC_C_LANGUAGE_STANDARD = gnu99;
				GCC_DYNAMIC_NO_PIC = NO;
				GCC_NO_COMMON_BLOCKS = YES;
				GCC_OPTIMIZATION_LEVEL = 0;
				GCC_PREPROCESSOR_DEFINITIONS = (
					"DEBUG=1",
					"$(inherited)",
				);
				GCC_WARN_64_TO_32_BIT_CONVERSION = YES;
				GCC_WARN_ABOUT_RETURN_TYPE = YES_ERROR;
				GCC_WARN_UNDECLARED_SELECTOR = YES;
				GCC_WARN_UNINITIALIZED_AUTOS = YES_AGGRESSIVE;
				GCC_WARN_UNUSED_FUNCTION = YES;
				GCC_WARN_UNUSED_VARIABLE = YES;
				IPHONEOS_DEPLOYMENT_TARGET = 10.2;
				MTL_ENABLE_DEBUG_INFO = YES;
				ONLY_ACTIVE_ARCH = YES;
				SDKROOT = iphoneos;
				SWIFT_ACTIVE_COMPILATION_CONDITIONS = DEBUG;
				SWIFT_OPTIMIZATION_LEVEL = "-Onone";
				TARGETED_DEVICE_FAMILY = "1,2";
			};
			name = Debug;
		};
		10C0B0831E733320002E99A0 /* Release */ = {
			isa = XCBuildConfiguration;
			buildSettings = {
				ALWAYS_SEARCH_USER_PATHS = NO;
				CLANG_ANALYZER_NONNULL = YES;
				CLANG_CXX_LANGUAGE_STANDARD = "gnu++0x";
				CLANG_CXX_LIBRARY = "libc++";
				CLANG_ENABLE_MODULES = YES;
				CLANG_ENABLE_OBJC_ARC = YES;
				CLANG_WARN_BOOL_CONVERSION = YES;
				CLANG_WARN_CONSTANT_CONVERSION = YES;
				CLANG_WARN_DIRECT_OBJC_ISA_USAGE = YES_ERROR;
				CLANG_WARN_DOCUMENTATION_COMMENTS = YES;
				CLANG_WARN_EMPTY_BODY = YES;
				CLANG_WARN_ENUM_CONVERSION = YES;
				CLANG_WARN_INFINITE_RECURSION = YES;
				CLANG_WARN_INT_CONVERSION = YES;
				CLANG_WARN_OBJC_ROOT_CLASS = YES_ERROR;
				CLANG_WARN_SUSPICIOUS_MOVE = YES;
				CLANG_WARN_UNREACHABLE_CODE = YES;
				CLANG_WARN__DUPLICATE_METHOD_MATCH = YES;
				"CODE_SIGN_IDENTITY[sdk=iphoneos*]" = "iPhone Developer";
				COPY_PHASE_STRIP = NO;
				DEBUG_INFORMATION_FORMAT = "dwarf-with-dsym";
				ENABLE_NS_ASSERTIONS = NO;
				ENABLE_STRICT_OBJC_MSGSEND = YES;
				GCC_C_LANGUAGE_STANDARD = gnu99;
				GCC_NO_COMMON_BLOCKS = YES;
				GCC_WARN_64_TO_32_BIT_CONVERSION = YES;
				GCC_WARN_ABOUT_RETURN_TYPE = YES_ERROR;
				GCC_WARN_UNDECLARED_SELECTOR = YES;
				GCC_WARN_UNINITIALIZED_AUTOS = YES_AGGRESSIVE;
				GCC_WARN_UNUSED_FUNCTION = YES;
				GCC_WARN_UNUSED_VARIABLE = YES;
				IPHONEOS_DEPLOYMENT_TARGET = 10.2;
				MTL_ENABLE_DEBUG_INFO = NO;
				SDKROOT = iphoneos;
				SWIFT_OPTIMIZATION_LEVEL = "-Owholemodule";
				TARGETED_DEVICE_FAMILY = "1,2";
				VALIDATE_PRODUCT = YES;
			};
			name = Release;
		};
		10C0B0851E733320002E99A0 /* Debug */ = {
			isa = XCBuildConfiguration;
			buildSettings = {
				ASSETCATALOG_COMPILER_APPICON_NAME = AppIcon;
				DEVELOPMENT_TEAM = JV99S7T257;
				INFOPLIST_FILE = ProjectAlbatross/Info.plist;
				IPHONEOS_DEPLOYMENT_TARGET = 10.1;
				LD_RUNPATH_SEARCH_PATHS = "$(inherited) @executable_path/Frameworks";
				PRODUCT_BUNDLE_IDENTIFIER = jotogatetz.ProjectAlbatross;
				PRODUCT_NAME = "$(TARGET_NAME)";
				SWIFT_VERSION = 3.0;
				TARGETED_DEVICE_FAMILY = 2;
			};
			name = Debug;
		};
		10C0B0861E733320002E99A0 /* Release */ = {
			isa = XCBuildConfiguration;
			buildSettings = {
				ASSETCATALOG_COMPILER_APPICON_NAME = AppIcon;
				DEVELOPMENT_TEAM = JV99S7T257;
				INFOPLIST_FILE = ProjectAlbatross/Info.plist;
				IPHONEOS_DEPLOYMENT_TARGET = 10.1;
				LD_RUNPATH_SEARCH_PATHS = "$(inherited) @executable_path/Frameworks";
				PRODUCT_BUNDLE_IDENTIFIER = jotogatetz.ProjectAlbatross;
				PRODUCT_NAME = "$(TARGET_NAME)";
				SWIFT_VERSION = 3.0;
				TARGETED_DEVICE_FAMILY = 2;
			};
			name = Release;
		};
		10C0B0881E733320002E99A0 /* Debug */ = {
			isa = XCBuildConfiguration;
			buildSettings = {
				ALWAYS_EMBED_SWIFT_STANDARD_LIBRARIES = YES;
				BUNDLE_LOADER = "$(TEST_HOST)";
				INFOPLIST_FILE = ProjectAlbatrossTests/Info.plist;
				LD_RUNPATH_SEARCH_PATHS = "$(inherited) @executable_path/Frameworks @loader_path/Frameworks";
				PRODUCT_BUNDLE_IDENTIFIER = jotogatetz.ProjectAlbatrossTests;
				PRODUCT_NAME = "$(TARGET_NAME)";
				SWIFT_VERSION = 3.0;
				TEST_HOST = "$(BUILT_PRODUCTS_DIR)/ProjectAlbatross.app/ProjectAlbatross";
			};
			name = Debug;
		};
		10C0B0891E733320002E99A0 /* Release */ = {
			isa = XCBuildConfiguration;
			buildSettings = {
				ALWAYS_EMBED_SWIFT_STANDARD_LIBRARIES = YES;
				BUNDLE_LOADER = "$(TEST_HOST)";
				INFOPLIST_FILE = ProjectAlbatrossTests/Info.plist;
				LD_RUNPATH_SEARCH_PATHS = "$(inherited) @executable_path/Frameworks @loader_path/Frameworks";
				PRODUCT_BUNDLE_IDENTIFIER = jotogatetz.ProjectAlbatrossTests;
				PRODUCT_NAME = "$(TARGET_NAME)";
				SWIFT_VERSION = 3.0;
				TEST_HOST = "$(BUILT_PRODUCTS_DIR)/ProjectAlbatross.app/ProjectAlbatross";
			};
			name = Release;
		};
		10C0B08B1E733320002E99A0 /* Debug */ = {
			isa = XCBuildConfiguration;
			buildSettings = {
				ALWAYS_EMBED_SWIFT_STANDARD_LIBRARIES = YES;
				INFOPLIST_FILE = ProjectAlbatrossUITests/Info.plist;
				LD_RUNPATH_SEARCH_PATHS = "$(inherited) @executable_path/Frameworks @loader_path/Frameworks";
				PRODUCT_BUNDLE_IDENTIFIER = jotogatetz.ProjectAlbatrossUITests;
				PRODUCT_NAME = "$(TARGET_NAME)";
				SWIFT_VERSION = 3.0;
				TEST_TARGET_NAME = ProjectAlbatross;
			};
			name = Debug;
		};
		10C0B08C1E733320002E99A0 /* Release */ = {
			isa = XCBuildConfiguration;
			buildSettings = {
				ALWAYS_EMBED_SWIFT_STANDARD_LIBRARIES = YES;
				INFOPLIST_FILE = ProjectAlbatrossUITests/Info.plist;
				LD_RUNPATH_SEARCH_PATHS = "$(inherited) @executable_path/Frameworks @loader_path/Frameworks";
				PRODUCT_BUNDLE_IDENTIFIER = jotogatetz.ProjectAlbatrossUITests;
				PRODUCT_NAME = "$(TARGET_NAME)";
				SWIFT_VERSION = 3.0;
				TEST_TARGET_NAME = ProjectAlbatross;
			};
			name = Release;
		};
/* End XCBuildConfiguration section */

/* Begin XCConfigurationList section */
		10C0B0541E73331F002E99A0 /* Build configuration list for PBXProject "ProjectAlbatross" */ = {
			isa = XCConfigurationList;
			buildConfigurations = (
				10C0B0821E733320002E99A0 /* Debug */,
				10C0B0831E733320002E99A0 /* Release */,
			);
			defaultConfigurationIsVisible = 0;
			defaultConfigurationName = Release;
		};
		10C0B0841E733320002E99A0 /* Build configuration list for PBXNativeTarget "ProjectAlbatross" */ = {
			isa = XCConfigurationList;
			buildConfigurations = (
				10C0B0851E733320002E99A0 /* Debug */,
				10C0B0861E733320002E99A0 /* Release */,
			);
			defaultConfigurationIsVisible = 0;
			defaultConfigurationName = Release;
		};
		10C0B0871E733320002E99A0 /* Build configuration list for PBXNativeTarget "ProjectAlbatrossTests" */ = {
			isa = XCConfigurationList;
			buildConfigurations = (
				10C0B0881E733320002E99A0 /* Debug */,
				10C0B0891E733320002E99A0 /* Release */,
			);
			defaultConfigurationIsVisible = 0;
			defaultConfigurationName = Release;
		};
		10C0B08A1E733320002E99A0 /* Build configuration list for PBXNativeTarget "ProjectAlbatrossUITests" */ = {
			isa = XCConfigurationList;
			buildConfigurations = (
				10C0B08B1E733320002E99A0 /* Debug */,
				10C0B08C1E733320002E99A0 /* Release */,
			);
			defaultConfigurationIsVisible = 0;
			defaultConfigurationName = Release;
		};
/* End XCConfigurationList section */

/* Begin XCVersionGroup section */
		10C0B0631E73331F002E99A0 /* ProjectAlbatross.xcdatamodeld */ = {
			isa = XCVersionGroup;
			children = (
				10C0B0641E73331F002E99A0 /* ProjectAlbatross.xcdatamodel */,
			);
			currentVersion = 10C0B0641E73331F002E99A0 /* ProjectAlbatross.xcdatamodel */;
			path = ProjectAlbatross.xcdatamodeld;
			sourceTree = "<group>";
			versionGroupType = wrapper.xcdatamodel;
		};
/* End XCVersionGroup section */
	};
	rootObject = 10C0B0511E73331F002E99A0 /* Project object */;
}
